# This file is autogenerated, do not edit; changes may be undone by the next 'dep ensure'.


[[projects]]
  digest = "1:cbec35fe4d5a4fba369a656a8cd65e244ea2c743007d8f6c1ccb132acf9d1296"
  name = "github.com/gorilla/mux"
  packages = ["."]
  pruneopts = "UT"
  revision = "00bdffe0f3c77e27d2cf6f5c70232a2d3e4d9c15"
  version = "v1.7.3"

[[projects]]
  branch = "master"
  digest = "1:a9d5b8fb9cbb8d4870de82719eaf4cd211f59a9dfe4136866d492a85d2f5577a"
  name = "github.com/wshaman/stub_contacts"
  packages = ["."]
  pruneopts = "UT"
  revision = "fb7f5707b0aadce9cca5e7d68f2673e731445e4c"

[solve-meta]
  analyzer-name = "dep"
  analyzer-version = 1
  input-imports = [
    "github.com/gorilla/mux",
    "github.com/wshaman/stub_contacts",
  ]
  solver-name = "gps-cdcl"
  solver-version = 1
